// !$*UTF8*$!
{
	archiveVersion = 1;
	classes = {
	};
	objectVersion = 46;
	objects = {

/* Begin PBXBuildFile section */
		F188A2B81AADEC0900717239 /* AppDelegate.swift in Sources */ = {isa = PBXBuildFile; fileRef = F188A2B71AADEC0900717239 /* AppDelegate.swift */; };
		F188A2BA1AADEC0900717239 /* ViewController.swift in Sources */ = {isa = PBXBuildFile; fileRef = F188A2B91AADEC0900717239 /* ViewController.swift */; };
		F188A2CE1AADEC0900717239 /* BBSInspectorTests.swift in Sources */ = {isa = PBXBuildFile; fileRef = F188A2CD1AADEC0900717239 /* BBSInspectorTests.swift */; };
		F188A2DD1AADEC4B00717239 /* LaunchScreen.xib in Resources */ = {isa = PBXBuildFile; fileRef = F188A2D81AADEC4B00717239 /* LaunchScreen.xib */; };
		F188A2DE1AADEC4B00717239 /* Main.storyboard in Resources */ = {isa = PBXBuildFile; fileRef = F188A2DA1AADEC4B00717239 /* Main.storyboard */; };
		F188A2DF1AADEC4B00717239 /* Images.xcassets in Resources */ = {isa = PBXBuildFile; fileRef = F188A2DC1AADEC4B00717239 /* Images.xcassets */; };
		F188A30D1AADF00800717239 /* BBSInspectorBottomView.swift in Sources */ = {isa = PBXBuildFile; fileRef = F188A3071AADF00800717239 /* BBSInspectorBottomView.swift */; };
		F188A30E1AADF00800717239 /* BBSInspectorCornerButton.swift in Sources */ = {isa = PBXBuildFile; fileRef = F188A3081AADF00800717239 /* BBSInspectorCornerButton.swift */; };
		F188A30F1AADF00800717239 /* BBSInspectorDataSource.swift in Sources */ = {isa = PBXBuildFile; fileRef = F188A3091AADF00800717239 /* BBSInspectorDataSource.swift */; };
		F188A3101AADF00800717239 /* BBSInspectorInformation.swift in Sources */ = {isa = PBXBuildFile; fileRef = F188A30A1AADF00800717239 /* BBSInspectorInformation.swift */; };
		F188A3111AADF00800717239 /* BBSInspectorViewController.swift in Sources */ = {isa = PBXBuildFile; fileRef = F188A30B1AADF00800717239 /* BBSInspectorViewController.swift */; };
		F1FEBE221AB051D900A790DC /* BBSInspector.swift in Sources */ = {isa = PBXBuildFile; fileRef = F1FEBE211AB051D900A790DC /* BBSInspector.swift */; };
/* End PBXBuildFile section */

/* Begin PBXContainerItemProxy section */
		F188A2C81AADEC0900717239 /* PBXContainerItemProxy */ = {
			isa = PBXContainerItemProxy;
			containerPortal = F188A2AA1AADEC0900717239 /* Project object */;
			proxyType = 1;
			remoteGlobalIDString = F188A2B11AADEC0900717239;
			remoteInfo = BBSInspector;
		};
/* End PBXContainerItemProxy section */

/* Begin PBXFileReference section */
		F188A2B21AADEC0900717239 /* BBSInspector.app */ = {isa = PBXFileReference; explicitFileType = wrapper.application; includeInIndex = 0; path = BBSInspector.app; sourceTree = BUILT_PRODUCTS_DIR; };
		F188A2B61AADEC0900717239 /* Info.plist */ = {isa = PBXFileReference; lastKnownFileType = text.plist.xml; path = Info.plist; sourceTree = "<group>"; };
		F188A2B71AADEC0900717239 /* AppDelegate.swift */ = {isa = PBXFileReference; lastKnownFileType = sourcecode.swift; path = AppDelegate.swift; sourceTree = "<group>"; };
		F188A2B91AADEC0900717239 /* ViewController.swift */ = {isa = PBXFileReference; lastKnownFileType = sourcecode.swift; path = ViewController.swift; sourceTree = "<group>"; };
		F188A2C71AADEC0900717239 /* BBSInspectorTests.xctest */ = {isa = PBXFileReference; explicitFileType = wrapper.cfbundle; includeInIndex = 0; path = BBSInspectorTests.xctest; sourceTree = BUILT_PRODUCTS_DIR; };
		F188A2CC1AADEC0900717239 /* Info.plist */ = {isa = PBXFileReference; lastKnownFileType = text.plist.xml; path = Info.plist; sourceTree = "<group>"; };
		F188A2CD1AADEC0900717239 /* BBSInspectorTests.swift */ = {isa = PBXFileReference; lastKnownFileType = sourcecode.swift; path = BBSInspectorTests.swift; sourceTree = "<group>"; };
		F188A2D91AADEC4B00717239 /* Base */ = {isa = PBXFileReference; lastKnownFileType = file.xib; name = Base; path = Base.lproj/LaunchScreen.xib; sourceTree = "<group>"; };
		F188A2DB1AADEC4B00717239 /* Base */ = {isa = PBXFileReference; lastKnownFileType = file.storyboard; name = Base; path = Base.lproj/Main.storyboard; sourceTree = "<group>"; };
		F188A2DC1AADEC4B00717239 /* Images.xcassets */ = {isa = PBXFileReference; lastKnownFileType = folder.assetcatalog; path = Images.xcassets; sourceTree = "<group>"; };
		F188A3071AADF00800717239 /* BBSInspectorBottomView.swift */ = {isa = PBXFileReference; fileEncoding = 4; lastKnownFileType = sourcecode.swift; path = BBSInspectorBottomView.swift; sourceTree = "<group>"; };
		F188A3081AADF00800717239 /* BBSInspectorCornerButton.swift */ = {isa = PBXFileReference; fileEncoding = 4; lastKnownFileType = sourcecode.swift; path = BBSInspectorCornerButton.swift; sourceTree = "<group>"; };
		F188A3091AADF00800717239 /* BBSInspectorDataSource.swift */ = {isa = PBXFileReference; fileEncoding = 4; lastKnownFileType = sourcecode.swift; path = BBSInspectorDataSource.swift; sourceTree = "<group>"; };
		F188A30A1AADF00800717239 /* BBSInspectorInformation.swift */ = {isa = PBXFileReference; fileEncoding = 4; lastKnownFileType = sourcecode.swift; path = BBSInspectorInformation.swift; sourceTree = "<group>"; };
		F188A30B1AADF00800717239 /* BBSInspectorViewController.swift */ = {isa = PBXFileReference; fileEncoding = 4; lastKnownFileType = sourcecode.swift; path = BBSInspectorViewController.swift; sourceTree = "<group>"; };
		F1FEBE211AB051D900A790DC /* BBSInspector.swift */ = {isa = PBXFileReference; fileEncoding = 4; lastKnownFileType = sourcecode.swift; path = BBSInspector.swift; sourceTree = "<group>"; };
/* End PBXFileReference section */

/* Begin PBXFrameworksBuildPhase section */
		F188A2AF1AADEC0900717239 /* Frameworks */ = {
			isa = PBXFrameworksBuildPhase;
			buildActionMask = 2147483647;
			files = (
			);
			runOnlyForDeploymentPostprocessing = 0;
		};
		F188A2C41AADEC0900717239 /* Frameworks */ = {
			isa = PBXFrameworksBuildPhase;
			buildActionMask = 2147483647;
			files = (
			);
			runOnlyForDeploymentPostprocessing = 0;
		};
/* End PBXFrameworksBuildPhase section */

/* Begin PBXGroup section */
		F188A2A91AADEC0900717239 = {
			isa = PBXGroup;
			children = (
				F188A3031AADF00800717239 /* Library */,
				F188A2B41AADEC0900717239 /* BBSInspector */,
				F188A2CA1AADEC0900717239 /* BBSInspectorTests */,
				F188A2B31AADEC0900717239 /* Products */,
			);
			sourceTree = "<group>";
		};
		F188A2B31AADEC0900717239 /* Products */ = {
			isa = PBXGroup;
			children = (
				F188A2B21AADEC0900717239 /* BBSInspector.app */,
				F188A2C71AADEC0900717239 /* BBSInspectorTests.xctest */,
			);
			name = Products;
			sourceTree = "<group>";
		};
		F188A2B41AADEC0900717239 /* BBSInspector */ = {
			isa = PBXGroup;
			children = (
				F188A2E01AADEC4E00717239 /* Classes */,
				F188A2D71AADEC4B00717239 /* Resources */,
				F188A2B51AADEC0900717239 /* Supporting Files */,
			);
			path = BBSInspector;
			sourceTree = "<group>";
		};
		F188A2B51AADEC0900717239 /* Supporting Files */ = {
			isa = PBXGroup;
			children = (
				F188A2B61AADEC0900717239 /* Info.plist */,
			);
			name = "Supporting Files";
			sourceTree = "<group>";
		};
		F188A2CA1AADEC0900717239 /* BBSInspectorTests */ = {
			isa = PBXGroup;
			children = (
				F188A2CD1AADEC0900717239 /* BBSInspectorTests.swift */,
				F188A2CB1AADEC0900717239 /* Supporting Files */,
			);
			path = BBSInspectorTests;
			sourceTree = "<group>";
		};
		F188A2CB1AADEC0900717239 /* Supporting Files */ = {
			isa = PBXGroup;
			children = (
				F188A2CC1AADEC0900717239 /* Info.plist */,
			);
			name = "Supporting Files";
			sourceTree = "<group>";
		};
		F188A2D71AADEC4B00717239 /* Resources */ = {
			isa = PBXGroup;
			children = (
				F188A2D81AADEC4B00717239 /* LaunchScreen.xib */,
				F188A2DA1AADEC4B00717239 /* Main.storyboard */,
				F188A2DC1AADEC4B00717239 /* Images.xcassets */,
			);
			path = Resources;
			sourceTree = "<group>";
		};
		F188A2E01AADEC4E00717239 /* Classes */ = {
			isa = PBXGroup;
			children = (
				F188A2B71AADEC0900717239 /* AppDelegate.swift */,
				F188A2B91AADEC0900717239 /* ViewController.swift */,
			);
			name = Classes;
			sourceTree = "<group>";
		};
		F188A3031AADF00800717239 /* Library */ = {
			isa = PBXGroup;
			children = (
				F188A3041AADF00800717239 /* Assets */,
				F188A3051AADF00800717239 /* Classes */,
			);
			name = Library;
			path = ../Library;
			sourceTree = "<group>";
		};
		F188A3041AADF00800717239 /* Assets */ = {
			isa = PBXGroup;
			children = (
			);
			path = Assets;
			sourceTree = "<group>";
		};
		F188A3051AADF00800717239 /* Classes */ = {
			isa = PBXGroup;
			children = (
				F1FEBE211AB051D900A790DC /* BBSInspector.swift */,
				F188A3071AADF00800717239 /* BBSInspectorBottomView.swift */,
				F188A3081AADF00800717239 /* BBSInspectorCornerButton.swift */,
				F188A3091AADF00800717239 /* BBSInspectorDataSource.swift */,
				F188A30A1AADF00800717239 /* BBSInspectorInformation.swift */,
				F188A30B1AADF00800717239 /* BBSInspectorViewController.swift */,
			);
			path = Classes;
			sourceTree = "<group>";
		};
/* End PBXGroup section */

/* Begin PBXNativeTarget section */
		F188A2B11AADEC0900717239 /* BBSInspector */ = {
			isa = PBXNativeTarget;
			buildConfigurationList = F188A2D11AADEC0900717239 /* Build configuration list for PBXNativeTarget "BBSInspector" */;
			buildPhases = (
				F188A2AE1AADEC0900717239 /* Sources */,
				F188A2AF1AADEC0900717239 /* Frameworks */,
				F188A2B01AADEC0900717239 /* Resources */,
			);
			buildRules = (
			);
			dependencies = (
			);
			name = BBSInspector;
			productName = BBSInspector;
			productReference = F188A2B21AADEC0900717239 /* BBSInspector.app */;
			productType = "com.apple.product-type.application";
		};
		F188A2C61AADEC0900717239 /* BBSInspectorTests */ = {
			isa = PBXNativeTarget;
			buildConfigurationList = F188A2D41AADEC0900717239 /* Build configuration list for PBXNativeTarget "BBSInspectorTests" */;
			buildPhases = (
				F188A2C31AADEC0900717239 /* Sources */,
				F188A2C41AADEC0900717239 /* Frameworks */,
				F188A2C51AADEC0900717239 /* Resources */,
			);
			buildRules = (
			);
			dependencies = (
				F188A2C91AADEC0900717239 /* PBXTargetDependency */,
			);
			name = BBSInspectorTests;
			productName = BBSInspectorTests;
			productReference = F188A2C71AADEC0900717239 /* BBSInspectorTests.xctest */;
			productType = "com.apple.product-type.bundle.unit-test";
		};
/* End PBXNativeTarget section */

/* Begin PBXProject section */
		F188A2AA1AADEC0900717239 /* Project object */ = {
			isa = PBXProject;
			attributes = {
				LastSwiftUpdateCheck = 0710;
				LastUpgradeCheck = 0610;
				ORGANIZATIONNAME = "Big Boss Studio";
				TargetAttributes = {
					F188A2B11AADEC0900717239 = {
						CreatedOnToolsVersion = 6.1.1;
					};
					F188A2C61AADEC0900717239 = {
						CreatedOnToolsVersion = 6.1.1;
						TestTargetID = F188A2B11AADEC0900717239;
					};
				};
			};
			buildConfigurationList = F188A2AD1AADEC0900717239 /* Build configuration list for PBXProject "BBSInspector" */;
			compatibilityVersion = "Xcode 3.2";
			developmentRegion = English;
			hasScannedForEncodings = 0;
			knownRegions = (
				en,
				Base,
			);
			mainGroup = F188A2A91AADEC0900717239;
			productRefGroup = F188A2B31AADEC0900717239 /* Products */;
			projectDirPath = "";
			projectRoot = "";
			targets = (
				F188A2B11AADEC0900717239 /* BBSInspector */,
				F188A2C61AADEC0900717239 /* BBSInspectorTests */,
			);
		};
/* End PBXProject section */

/* Begin PBXResourcesBuildPhase section */
		F188A2B01AADEC0900717239 /* Resources */ = {
			isa = PBXResourcesBuildPhase;
			buildActionMask = 2147483647;
			files = (
				F188A2DF1AADEC4B00717239 /* Images.xcassets in Resources */,
				F188A2DD1AADEC4B00717239 /* LaunchScreen.xib in Resources */,
				F188A2DE1AADEC4B00717239 /* Main.storyboard in Resources */,
			);
			runOnlyForDeploymentPostprocessing = 0;
		};
		F188A2C51AADEC0900717239 /* Resources */ = {
			isa = PBXResourcesBuildPhase;
			buildActionMask = 2147483647;
			files = (
			);
			runOnlyForDeploymentPostprocessing = 0;
		};
/* End PBXResourcesBuildPhase section */

/* Begin PBXSourcesBuildPhase section */
		F188A2AE1AADEC0900717239 /* Sources */ = {
			isa = PBXSourcesBuildPhase;
			buildActionMask = 2147483647;
			files = (
				F188A2BA1AADEC0900717239 /* ViewController.swift in Sources */,
				F188A2B81AADEC0900717239 /* AppDelegate.swift in Sources */,
				F188A3101AADF00800717239 /* BBSInspectorInformation.swift in Sources */,
				F1FEBE221AB051D900A790DC /* BBSInspector.swift in Sources */,
				F188A30E1AADF00800717239 /* BBSInspectorCornerButton.swift in Sources */,
				F188A30F1AADF00800717239 /* BBSInspectorDataSource.swift in Sources */,
				F188A3111AADF00800717239 /* BBSInspectorViewController.swift in Sources */,
				F188A30D1AADF00800717239 /* BBSInspectorBottomView.swift in Sources */,
			);
			runOnlyForDeploymentPostprocessing = 0;
		};
		F188A2C31AADEC0900717239 /* Sources */ = {
			isa = PBXSourcesBuildPhase;
			buildActionMask = 2147483647;
			files = (
				F188A2CE1AADEC0900717239 /* BBSInspectorTests.swift in Sources */,
			);
			runOnlyForDeploymentPostprocessing = 0;
		};
/* End PBXSourcesBuildPhase section */

/* Begin PBXTargetDependency section */
		F188A2C91AADEC0900717239 /* PBXTargetDependency */ = {
			isa = PBXTargetDependency;
			target = F188A2B11AADEC0900717239 /* BBSInspector */;
			targetProxy = F188A2C81AADEC0900717239 /* PBXContainerItemProxy */;
		};
/* End PBXTargetDependency section */

/* Begin PBXVariantGroup section */
		F188A2D81AADEC4B00717239 /* LaunchScreen.xib */ = {
			isa = PBXVariantGroup;
			children = (
				F188A2D91AADEC4B00717239 /* Base */,
			);
			name = LaunchScreen.xib;
			sourceTree = "<group>";
		};
		F188A2DA1AADEC4B00717239 /* Main.storyboard */ = {
			isa = PBXVariantGroup;
			children = (
				F188A2DB1AADEC4B00717239 /* Base */,
			);
			name = Main.storyboard;
			sourceTree = "<group>";
		};
/* End PBXVariantGroup section */

/* Begin XCBuildConfiguration section */
		F188A2CF1AADEC0900717239 /* Debug */ = {
			isa = XCBuildConfiguration;
			buildSettings = {
				ALWAYS_SEARCH_USER_PATHS = NO;
				CLANG_CXX_LANGUAGE_STANDARD = "gnu++0x";
				CLANG_CXX_LIBRARY = "libc++";
				CLANG_ENABLE_MODULES = YES;
				CLANG_ENABLE_OBJC_ARC = YES;
				CLANG_WARN_BOOL_CONVERSION = YES;
				CLANG_WARN_CONSTANT_CONVERSION = YES;
				CLANG_WARN_DIRECT_OBJC_ISA_USAGE = YES_ERROR;
				CLANG_WARN_EMPTY_BODY = YES;
				CLANG_WARN_ENUM_CONVERSION = YES;
				CLANG_WARN_INT_CONVERSION = YES;
				CLANG_WARN_OBJC_ROOT_CLASS = YES_ERROR;
				CLANG_WARN_UNREACHABLE_CODE = YES;
				CLANG_WARN__DUPLICATE_METHOD_MATCH = YES;
				"CODE_SIGN_IDENTITY[sdk=iphoneos*]" = "iPhone Developer";
				COPY_PHASE_STRIP = NO;
				ENABLE_STRICT_OBJC_MSGSEND = YES;
				GCC_C_LANGUAGE_STANDARD = gnu99;
				GCC_DYNAMIC_NO_PIC = NO;
				GCC_OPTIMIZATION_LEVEL = 0;
				GCC_PREPROCESSOR_DEFINITIONS = (
					"DEBUG=1",
					"$(inherited)",
				);
				GCC_SYMBOLS_PRIVATE_EXTERN = NO;
				GCC_WARN_64_TO_32_BIT_CONVERSION = YES;
				GCC_WARN_ABOUT_RETURN_TYPE = YES_ERROR;
				GCC_WARN_UNDECLARED_SELECTOR = YES;
				GCC_WARN_UNINITIALIZED_AUTOS = YES_AGGRESSIVE;
				GCC_WARN_UNUSED_FUNCTION = YES;
				GCC_WARN_UNUSED_VARIABLE = YES;
				IPHONEOS_DEPLOYMENT_TARGET = 8.1;
				MTL_ENABLE_DEBUG_INFO = YES;
				ONLY_ACTIVE_ARCH = YES;
				SDKROOT = iphoneos;
				SWIFT_OPTIMIZATION_LEVEL = "-Onone";
				TARGETED_DEVICE_FAMILY = "1,2";
			};
			name = Debug;
		};
		F188A2D01AADEC0900717239 /* Release */ = {
			isa = XCBuildConfiguration;
			buildSettings = {
				ALWAYS_SEARCH_USER_PATHS = NO;
				CLANG_CXX_LANGUAGE_STANDARD = "gnu++0x";
				CLANG_CXX_LIBRARY = "libc++";
				CLANG_ENABLE_MODULES = YES;
				CLANG_ENABLE_OBJC_ARC = YES;
				CLANG_WARN_BOOL_CONVERSION = YES;
				CLANG_WARN_CONSTANT_CONVERSION = YES;
				CLANG_WARN_DIRECT_OBJC_ISA_USAGE = YES_ERROR;
				CLANG_WARN_EMPTY_BODY = YES;
				CLANG_WARN_ENUM_CONVERSION = YES;
				CLANG_WARN_INT_CONVERSION = YES;
				CLANG_WARN_OBJC_ROOT_CLASS = YES_ERROR;
				CLANG_WARN_UNREACHABLE_CODE = YES;
				CLANG_WARN__DUPLICATE_METHOD_MATCH = YES;
				"CODE_SIGN_IDENTITY[sdk=iphoneos*]" = "iPhone Developer";
				COPY_PHASE_STRIP = YES;
				ENABLE_NS_ASSERTIONS = NO;
				ENABLE_STRICT_OBJC_MSGSEND = YES;
				GCC_C_LANGUAGE_STANDARD = gnu99;
				GCC_WARN_64_TO_32_BIT_CONVERSION = YES;
				GCC_WARN_ABOUT_RETURN_TYPE = YES_ERROR;
				GCC_WARN_UNDECLARED_SELECTOR = YES;
				GCC_WARN_UNINITIALIZED_AUTOS = YES_AGGRESSIVE;
				GCC_WARN_UNUSED_FUNCTION = YES;
				GCC_WARN_UNUSED_VARIABLE = YES;
				IPHONEOS_DEPLOYMENT_TARGET = 8.1;
				MTL_ENABLE_DEBUG_INFO = NO;
				SDKROOT = iphoneos;
				TARGETED_DEVICE_FAMILY = "1,2";
				VALIDATE_PRODUCT = YES;
			};
			name = Release;
		};
		F188A2D21AADEC0900717239 /* Debug */ = {
			isa = XCBuildConfiguration;
			buildSettings = {
				ASSETCATALOG_COMPILER_APPICON_NAME = AppIcon;
				INFOPLIST_FILE = BBSInspector/Info.plist;
				LD_RUNPATH_SEARCH_PATHS = "$(inherited) @executable_path/Frameworks";
				PRODUCT_NAME = "$(TARGET_NAME)";
			};
			name = Debug;
		};
		F188A2D31AADEC0900717239 /* Release */ = {
			isa = XCBuildConfiguration;
			buildSettings = {
				ASSETCATALOG_COMPILER_APPICON_NAME = AppIcon;
				INFOPLIST_FILE = BBSInspector/Info.plist;
				LD_RUNPATH_SEARCH_PATHS = "$(inherited) @executable_path/Frameworks";
				PRODUCT_NAME = "$(TARGET_NAME)";
			};
			name = Release;
		};
		F188A2D51AADEC0900717239 /* Debug */ = {
			isa = XCBuildConfiguration;
			buildSettings = {
				BUNDLE_LOADER = "$(TEST_HOST)";
				FRAMEWORK_SEARCH_PATHS = (
					"$(SDKROOT)/Developer/Library/Frameworks",
					"$(inherited)",
				);
				GCC_PREPROCESSOR_DEFINITIONS = (
					"DEBUG=1",
					"$(inherited)",
				);
				INFOPLIST_FILE = BBSInspectorTests/Info.plist;
				LD_RUNPATH_SEARCH_PATHS = "$(inherited) @executable_path/Frameworks @loader_path/Frameworks";
				PRODUCT_NAME = "$(TARGET_NAME)";
				TEST_HOST = "$(BUILT_PRODUCTS_DIR)/BBSInspector.app/BBSInspector";
			};
			name = Debug;
		};
		F188A2D61AADEC0900717239 /* Release */ = {
			isa = XCBuildConfiguration;
			buildSettings = {
				BUNDLE_LOADER = "$(TEST_HOST)";
				FRAMEWORK_SEARCH_PATHS = (
					"$(SDKROOT)/Developer/Library/Frameworks",
					"$(inherited)",
				);
				INFOPLIST_FILE = BBSInspectorTests/Info.plist;
				LD_RUNPATH_SEARCH_PATHS = "$(inherited) @executable_path/Frameworks @loader_path/Frameworks";
				PRODUCT_NAME = "$(TARGET_NAME)";
				TEST_HOST = "$(BUILT_PRODUCTS_DIR)/BBSInspector.app/BBSInspector";
			};
			name = Release;
		};
/* End XCBuildConfiguration section */

/* Begin XCConfigurationList section */
		F188A2AD1AADEC0900717239 /* Build configuration list for PBXProject "BBSInspector" */ = {
			isa = XCConfigurationList;
			buildConfigurations = (
				F188A2CF1AADEC0900717239 /* Debug */,
				F188A2D01AADEC0900717239 /* Release */,
			);
			defaultConfigurationIsVisible = 0;
			defaultConfigurationName = Release;
		};
		F188A2D11AADEC0900717239 /* Build configuration list for PBXNativeTarget "BBSInspector" */ = {
			isa = XCConfigurationList;
			buildConfigurations = (
				F188A2D21AADEC0900717239 /* Debug */,
				F188A2D31AADEC0900717239 /* Release */,
			);
			defaultConfigurationIsVisible = 0;
			defaultConfigurationName = Release;
		};
		F188A2D41AADEC0900717239 /* Build configuration list for PBXNativeTarget "BBSInspectorTests" */ = {
			isa = XCConfigurationList;
			buildConfigurations = (
				F188A2D51AADEC0900717239 /* Debug */,
				F188A2D61AADEC0900717239 /* Release */,
			);
			defaultConfigurationIsVisible = 0;
			defaultConfigurationName = Release;
		};
/* End XCConfigurationList section */
	};
	rootObject = F188A2AA1AADEC0900717239 /* Project object */;
}
